# THIS IS AN AUTOGENERATED FILE. DO NOT EDIT THIS FILE DIRECTLY.
# yarn lockfile v1


"@babel/code-frame@^7.18.6":
  version "7.18.6"
  resolved "https://registry.yarnpkg.com/@babel/code-frame/-/code-frame-7.18.6.tgz#3b25d38c89600baa2dcc219edfa88a74eb2c427a"
  integrity sha512-TDCmlK5eOvH+eH7cdAFlNXeVJqWIQ7gW9tY1GJIpUtFb6CmjVyq2VM3u71bOyR8CRihcCgMUYoDNyLXao3+70Q==
  dependencies:
    "@babel/highlight" "^7.18.6"

"@babel/generator@^7.20.0":
  version "7.20.0"
  resolved "https://registry.yarnpkg.com/@babel/generator/-/generator-7.20.0.tgz#0bfc5379e0efb05ca6092091261fcdf7ec36249d"
  integrity sha512-GUPcXxWibClgmYJuIwC2Bc2Lg+8b9VjaJ+HlNdACEVt+Wlr1eoU1OPZjZRm7Hzl0gaTsUZNQfeihvZJhG7oc3w==
  dependencies:
    "@babel/types" "^7.20.0"
    "@jridgewell/gen-mapping" "^0.3.2"
    jsesc "^2.5.1"

"@babel/helper-annotate-as-pure@^7.18.6":
  version "7.18.6"
  resolved "https://registry.yarnpkg.com/@babel/helper-annotate-as-pure/-/helper-annotate-as-pure-7.18.6.tgz#eaa49f6f80d5a33f9a5dd2276e6d6e451be0a6bb"
  integrity sha512-duORpUiYrEpzKIop6iNbjnwKLAKnJ47csTyRACyEmWj0QdUrm5aqNJGHSSEQSUAvNW0ojX0dOmK9dZduvkfeXA==
  dependencies:
    "@babel/types" "^7.18.6"

"@babel/helper-create-class-features-plugin@^7.18.6":
  version "7.19.0"
  resolved "https://registry.yarnpkg.com/@babel/helper-create-class-features-plugin/-/helper-create-class-features-plugin-7.19.0.tgz#bfd6904620df4e46470bae4850d66be1054c404b"
  integrity sha512-NRz8DwF4jT3UfrmUoZjd0Uph9HQnP30t7Ash+weACcyNkiYTywpIjDBgReJMKgr+n86sn2nPVVmJ28Dm053Kqw==
  dependencies:
    "@babel/helper-annotate-as-pure" "^7.18.6"
    "@babel/helper-environment-visitor" "^7.18.9"
    "@babel/helper-function-name" "^7.19.0"
    "@babel/helper-member-expression-to-functions" "^7.18.9"
    "@babel/helper-optimise-call-expression" "^7.18.6"
    "@babel/helper-replace-supers" "^7.18.9"
    "@babel/helper-split-export-declaration" "^7.18.6"

"@babel/helper-environment-visitor@^7.18.9":
  version "7.18.9"
  resolved "https://registry.yarnpkg.com/@babel/helper-environment-visitor/-/helper-environment-visitor-7.18.9.tgz#0c0cee9b35d2ca190478756865bb3528422f51be"
  integrity sha512-3r/aACDJ3fhQ/EVgFy0hpj8oHyHpQc+LPtJoY9SzTThAsStm4Ptegq92vqKoE3vD706ZVFWITnMnxucw+S9Ipg==

"@babel/helper-function-name@^7.19.0":
  version "7.19.0"
  resolved "https://registry.yarnpkg.com/@babel/helper-function-name/-/helper-function-name-7.19.0.tgz#941574ed5390682e872e52d3f38ce9d1bef4648c"
  integrity sha512-WAwHBINyrpqywkUH0nTnNgI5ina5TFn85HKS0pbPDfxFfhyR/aNQEn4hGi1P1JyT//I0t4OgXUlofzWILRvS5w==
  dependencies:
    "@babel/template" "^7.18.10"
    "@babel/types" "^7.19.0"

"@babel/helper-hoist-variables@^7.18.6":
  version "7.18.6"
  resolved "https://registry.yarnpkg.com/@babel/helper-hoist-variables/-/helper-hoist-variables-7.18.6.tgz#d4d2c8fb4baeaa5c68b99cc8245c56554f926678"
  integrity sha512-UlJQPkFqFULIcyW5sbzgbkxn2FKRgwWiRexcuaR8RNJRy8+LLveqPjwZV/bwrLZCN0eUHD/x8D0heK1ozuoo6Q==
  dependencies:
    "@babel/types" "^7.18.6"

"@babel/helper-member-expression-to-functions@^7.18.9":
  version "7.18.9"
  resolved "https://registry.yarnpkg.com/@babel/helper-member-expression-to-functions/-/helper-member-expression-to-functions-7.18.9.tgz#1531661e8375af843ad37ac692c132841e2fd815"
  integrity sha512-RxifAh2ZoVU67PyKIO4AMi1wTenGfMR/O/ae0CCRqwgBAt5v7xjdtRw7UoSbsreKrQn5t7r89eruK/9JjYHuDg==
  dependencies:
    "@babel/types" "^7.18.9"

"@babel/helper-optimise-call-expression@^7.18.6":
  version "7.18.6"
  resolved "https://registry.yarnpkg.com/@babel/helper-optimise-call-expression/-/helper-optimise-call-expression-7.18.6.tgz#9369aa943ee7da47edab2cb4e838acf09d290ffe"
  integrity sha512-HP59oD9/fEHQkdcbgFCnbmgH5vIQTJbxh2yf+CdM89/glUNnuzr87Q8GIjGEnOktTROemO0Pe0iPAYbqZuOUiA==
  dependencies:
    "@babel/types" "^7.18.6"

"@babel/helper-plugin-utils@^7.18.6":
  version "7.19.0"
  resolved "https://registry.yarnpkg.com/@babel/helper-plugin-utils/-/helper-plugin-utils-7.19.0.tgz#4796bb14961521f0f8715990bee2fb6e51ce21bf"
  integrity sha512-40Ryx7I8mT+0gaNxm8JGTZFUITNqdLAgdg0hXzeVZxVD6nFsdhQvip6v8dqkRHzsz1VFpFAaOCHNn0vKBL7Czw==

"@babel/helper-replace-supers@^7.18.9":
  version "7.19.1"
  resolved "https://registry.yarnpkg.com/@babel/helper-replace-supers/-/helper-replace-supers-7.19.1.tgz#e1592a9b4b368aa6bdb8784a711e0bcbf0612b78"
  integrity sha512-T7ahH7wV0Hfs46SFh5Jz3s0B6+o8g3c+7TMxu7xKfmHikg7EAZ3I2Qk9LFhjxXq8sL7UkP5JflezNwoZa8WvWw==
  dependencies:
    "@babel/helper-environment-visitor" "^7.18.9"
    "@babel/helper-member-expression-to-functions" "^7.18.9"
    "@babel/helper-optimise-call-expression" "^7.18.6"
    "@babel/traverse" "^7.19.1"
    "@babel/types" "^7.19.0"

"@babel/helper-split-export-declaration@^7.18.6":
  version "7.18.6"
  resolved "https://registry.yarnpkg.com/@babel/helper-split-export-declaration/-/helper-split-export-declaration-7.18.6.tgz#7367949bc75b20c6d5a5d4a97bba2824ae8ef075"
  integrity sha512-bde1etTx6ZyTmobl9LLMMQsaizFVZrquTEHOqKeQESMKo4PlObf+8+JA25ZsIpZhT/WEd39+vOdLXAFG/nELpA==
  dependencies:
    "@babel/types" "^7.18.6"

"@babel/helper-string-parser@^7.19.4":
  version "7.19.4"
  resolved "https://registry.yarnpkg.com/@babel/helper-string-parser/-/helper-string-parser-7.19.4.tgz#38d3acb654b4701a9b77fb0615a96f775c3a9e63"
  integrity sha512-nHtDoQcuqFmwYNYPz3Rah5ph2p8PFeFCsZk9A/48dPc/rGocJ5J3hAAZ7pb76VWX3fZKu+uEr/FhH5jLx7umrw==

"@babel/helper-validator-identifier@^7.18.6", "@babel/helper-validator-identifier@^7.19.1":
  version "7.19.1"
  resolved "https://registry.yarnpkg.com/@babel/helper-validator-identifier/-/helper-validator-identifier-7.19.1.tgz#7eea834cf32901ffdc1a7ee555e2f9c27e249ca2"
  integrity sha512-awrNfaMtnHUr653GgGEs++LlAvW6w+DcPrOliSMXWCKo597CwL5Acf/wWdNkf/tfEQE3mjkeD1YOVZOUV/od1w==

"@babel/highlight@^7.18.6":
  version "7.18.6"
  resolved "https://registry.yarnpkg.com/@babel/highlight/-/highlight-7.18.6.tgz#81158601e93e2563795adcbfbdf5d64be3f2ecdf"
  integrity sha512-u7stbOuYjaPezCuLj29hNW1v64M2Md2qupEKP1fHc7WdOA3DgLh37suiSrZYY7haUB7iBeQZ9P1uiRF359do3g==
  dependencies:
    "@babel/helper-validator-identifier" "^7.18.6"
    chalk "^2.0.0"
    js-tokens "^4.0.0"

"@babel/parser@^7.18.10", "@babel/parser@^7.20.0":
  version "7.20.0"
  resolved "https://registry.yarnpkg.com/@babel/parser/-/parser-7.20.0.tgz#b26133c888da4d79b0d3edcf42677bcadc783046"
  integrity sha512-G9VgAhEaICnz8iiJeGJQyVl6J2nTjbW0xeisva0PK6XcKsga7BIaqm4ZF8Rg1Wbaqmy6znspNqhPaPkyukujzg==

"@babel/plugin-proposal-class-properties@^7.7.4":
  version "7.18.6"
  resolved "https://registry.yarnpkg.com/@babel/plugin-proposal-class-properties/-/plugin-proposal-class-properties-7.18.6.tgz#b110f59741895f7ec21a6fff696ec46265c446a3"
  integrity sha512-cumfXOF0+nzZrrN8Rf0t7M+tF6sZc7vhQwYQck9q1/5w2OExlD+b4v4RpMJFaV1Z7WcDRgO6FqvxqxGlwo+RHQ==
  dependencies:
    "@babel/helper-create-class-features-plugin" "^7.18.6"
    "@babel/helper-plugin-utils" "^7.18.6"

"@babel/template@^7.18.10":
  version "7.18.10"
  resolved "https://registry.yarnpkg.com/@babel/template/-/template-7.18.10.tgz#6f9134835970d1dbf0835c0d100c9f38de0c5e71"
  integrity sha512-TI+rCtooWHr3QJ27kJxfjutghu44DLnasDMwpDqCXVTal9RLp3RSYNh4NdBrRP2cQAoG9A8juOQl6P6oZG4JxA==
  dependencies:
    "@babel/code-frame" "^7.18.6"
    "@babel/parser" "^7.18.10"
    "@babel/types" "^7.18.10"

"@babel/traverse@^7.19.1":
  version "7.20.0"
  resolved "https://registry.yarnpkg.com/@babel/traverse/-/traverse-7.20.0.tgz#538c4c6ce6255f5666eba02252a7b59fc2d5ed98"
  integrity sha512-5+cAXQNARgjRUK0JWu2UBwja4JLSO/rBMPJzpsKb+oBF5xlUuCfljQepS4XypBQoiigL0VQjTZy6WiONtUdScQ==
  dependencies:
    "@babel/code-frame" "^7.18.6"
    "@babel/generator" "^7.20.0"
    "@babel/helper-environment-visitor" "^7.18.9"
    "@babel/helper-function-name" "^7.19.0"
    "@babel/helper-hoist-variables" "^7.18.6"
    "@babel/helper-split-export-declaration" "^7.18.6"
    "@babel/parser" "^7.20.0"
    "@babel/types" "^7.20.0"
    debug "^4.1.0"
    globals "^11.1.0"

"@babel/types@^7.18.10", "@babel/types@^7.18.6", "@babel/types@^7.18.9", "@babel/types@^7.19.0", "@babel/types@^7.20.0":
  version "7.20.0"
  resolved "https://registry.yarnpkg.com/@babel/types/-/types-7.20.0.tgz#52c94cf8a7e24e89d2a194c25c35b17a64871479"
  integrity sha512-Jlgt3H0TajCW164wkTOTzHkZb075tMQMULzrLUoUeKmO7eFL96GgDxf7/Axhc5CAuKE3KFyVW1p6ysKsi2oXAg==
  dependencies:
    "@babel/helper-string-parser" "^7.19.4"
    "@babel/helper-validator-identifier" "^7.19.1"
    to-fast-properties "^2.0.0"

"@esbuild/android-arm64@0.17.16":
  version "0.17.16"
  resolved "https://registry.yarnpkg.com/@esbuild/android-arm64/-/android-arm64-0.17.16.tgz#7b18cab5f4d93e878306196eed26b6d960c12576"
  integrity sha512-QX48qmsEZW+gcHgTmAj+x21mwTz8MlYQBnzF6861cNdQGvj2jzzFjqH0EBabrIa/WVZ2CHolwMoqxVryqKt8+Q==

"@esbuild/android-arm@0.17.16":
  version "0.17.16"
  resolved "https://registry.yarnpkg.com/@esbuild/android-arm/-/android-arm-0.17.16.tgz#5c47f6a7c2cada6ed4b4d4e72d8c66e76d812812"
  integrity sha512-baLqRpLe4JnKrUXLJChoTN0iXZH7El/mu58GE3WIA6/H834k0XWvLRmGLG8y8arTRS9hJJibPnF0tiGhmWeZgw==

"@esbuild/android-x64@0.17.16":
  version "0.17.16"
  resolved "https://registry.yarnpkg.com/@esbuild/android-x64/-/android-x64-0.17.16.tgz#8686a6e98359071ffd5312046551943e7244c51a"
  integrity sha512-G4wfHhrrz99XJgHnzFvB4UwwPxAWZaZBOFXh+JH1Duf1I4vIVfuYY9uVLpx4eiV2D/Jix8LJY+TAdZ3i40tDow==

"@esbuild/darwin-arm64@0.17.16":
  version "0.17.16"
  resolved "https://registry.yarnpkg.com/@esbuild/darwin-arm64/-/darwin-arm64-0.17.16.tgz#aa79fbf447630ca0696a596beba962a775bbf394"
  integrity sha512-/Ofw8UXZxuzTLsNFmz1+lmarQI6ztMZ9XktvXedTbt3SNWDn0+ODTwxExLYQ/Hod91EZB4vZPQJLoqLF0jvEzA==

"@esbuild/darwin-x64@0.17.16":
  version "0.17.16"
  resolved "https://registry.yarnpkg.com/@esbuild/darwin-x64/-/darwin-x64-0.17.16.tgz#d5d68ee510507104da7e7503224c647c957e163e"
  integrity sha512-SzBQtCV3Pdc9kyizh36Ol+dNVhkDyIrGb/JXZqFq8WL37LIyrXU0gUpADcNV311sCOhvY+f2ivMhb5Tuv8nMOQ==

"@esbuild/freebsd-arm64@0.17.16":
  version "0.17.16"
  resolved "https://registry.yarnpkg.com/@esbuild/freebsd-arm64/-/freebsd-arm64-0.17.16.tgz#b00b4cc8c2e424907cfe3a607384ab24794edd52"
  integrity sha512-ZqftdfS1UlLiH1DnS2u3It7l4Bc3AskKeu+paJSfk7RNOMrOxmeFDhLTMQqMxycP1C3oj8vgkAT6xfAuq7ZPRA==

"@esbuild/freebsd-x64@0.17.16":
  version "0.17.16"
  resolved "https://registry.yarnpkg.com/@esbuild/freebsd-x64/-/freebsd-x64-0.17.16.tgz#84af4430a07730b50bbc945a90cf7036c1853b76"
  integrity sha512-rHV6zNWW1tjgsu0dKQTX9L0ByiJHHLvQKrWtnz8r0YYJI27FU3Xu48gpK2IBj1uCSYhJ+pEk6Y0Um7U3rIvV8g==

"@esbuild/linux-arm64@0.17.16":
  version "0.17.16"
  resolved "https://registry.yarnpkg.com/@esbuild/linux-arm64/-/linux-arm64-0.17.16.tgz#35571d15de6272c862d9ce6341372fb3cef0f266"
  integrity sha512-8yoZhGkU6aHu38WpaM4HrRLTFc7/VVD9Q2SvPcmIQIipQt2I/GMTZNdEHXoypbbGao5kggLcxg0iBKjo0SQYKA==

"@esbuild/linux-arm@0.17.16":
  version "0.17.16"
  resolved "https://registry.yarnpkg.com/@esbuild/linux-arm/-/linux-arm-0.17.16.tgz#b65c7cd5b0eadd08f91aab66b9dda81b6a4b2a70"
  integrity sha512-n4O8oVxbn7nl4+m+ISb0a68/lcJClIbaGAoXwqeubj/D1/oMMuaAXmJVfFlRjJLu/ZvHkxoiFJnmbfp4n8cdSw==

"@esbuild/linux-ia32@0.17.16":
  version "0.17.16"
  resolved "https://registry.yarnpkg.com/@esbuild/linux-ia32/-/linux-ia32-0.17.16.tgz#673a68cb251ce44a00a6422ada29064c5a1cd2c0"
  integrity sha512-9ZBjlkdaVYxPNO8a7OmzDbOH9FMQ1a58j7Xb21UfRU29KcEEU3VTHk+Cvrft/BNv0gpWJMiiZ/f4w0TqSP0gLA==

"@esbuild/linux-loong64@0.17.16":
  version "0.17.16"
  resolved "https://registry.yarnpkg.com/@esbuild/linux-loong64/-/linux-loong64-0.17.16.tgz#477e2da34ab46ffdbf4740fa6441e80045249385"
  integrity sha512-TIZTRojVBBzdgChY3UOG7BlPhqJz08AL7jdgeeu+kiObWMFzGnQD7BgBBkWRwOtKR1i2TNlO7YK6m4zxVjjPRQ==

"@esbuild/linux-mips64el@0.17.16":
  version "0.17.16"
  resolved "https://registry.yarnpkg.com/@esbuild/linux-mips64el/-/linux-mips64el-0.17.16.tgz#e1e9687bbdaa831d7c34edc9278200982c1a4bf4"
  integrity sha512-UPeRuFKCCJYpBbIdczKyHLAIU31GEm0dZl1eMrdYeXDH+SJZh/i+2cAmD3A1Wip9pIc5Sc6Kc5cFUrPXtR0XHA==

"@esbuild/linux-ppc64@0.17.16":
  version "0.17.16"
  resolved "https://registry.yarnpkg.com/@esbuild/linux-ppc64/-/linux-ppc64-0.17.16.tgz#2f19075d63622987e86e83a4b7866cd57b796c60"
  integrity sha512-io6yShgIEgVUhExJejJ21xvO5QtrbiSeI7vYUnr7l+v/O9t6IowyhdiYnyivX2X5ysOVHAuyHW+Wyi7DNhdw6Q==

"@esbuild/linux-riscv64@0.17.16":
  version "0.17.16"
  resolved "https://registry.yarnpkg.com/@esbuild/linux-riscv64/-/linux-riscv64-0.17.16.tgz#bbf40a38f03ba2434fe69b5ceeec5d13c742b329"
  integrity sha512-WhlGeAHNbSdG/I2gqX2RK2gfgSNwyJuCiFHMc8s3GNEMMHUI109+VMBfhVqRb0ZGzEeRiibi8dItR3ws3Lk+cA==

"@esbuild/linux-s390x@0.17.16":
  version "0.17.16"
  resolved "https://registry.yarnpkg.com/@esbuild/linux-s390x/-/linux-s390x-0.17.16.tgz#d2b8c0779ccd2b7917cdf0fab8831a468e0f9c01"
  integrity sha512-gHRReYsJtViir63bXKoFaQ4pgTyah4ruiMRQ6im9YZuv+gp3UFJkNTY4sFA73YDynmXZA6hi45en4BGhNOJUsw==

"@esbuild/linux-x64@0.17.16":
  version "0.17.16"
  resolved "https://registry.yarnpkg.com/@esbuild/linux-x64/-/linux-x64-0.17.16.tgz#da48b39cfdc1b12a74976625f583f031eac43590"
  integrity sha512-mfiiBkxEbUHvi+v0P+TS7UnA9TeGXR48aK4XHkTj0ZwOijxexgMF01UDFaBX7Q6CQsB0d+MFNv9IiXbIHTNd4g==

"@esbuild/netbsd-x64@0.17.16":
  version "0.17.16"
  resolved "https://registry.yarnpkg.com/@esbuild/netbsd-x64/-/netbsd-x64-0.17.16.tgz#ddef985aed37cc81908d2573b66c0299dbc49037"
  integrity sha512-n8zK1YRDGLRZfVcswcDMDM0j2xKYLNXqei217a4GyBxHIuPMGrrVuJ+Ijfpr0Kufcm7C1k/qaIrGy6eG7wvgmA==

"@esbuild/openbsd-x64@0.17.16":
  version "0.17.16"
  resolved "https://registry.yarnpkg.com/@esbuild/openbsd-x64/-/openbsd-x64-0.17.16.tgz#85035bf89efd66e9068bc72aa6bb85a2c317d090"
  integrity sha512-lEEfkfsUbo0xC47eSTBqsItXDSzwzwhKUSsVaVjVji07t8+6KA5INp2rN890dHZeueXJAI8q0tEIfbwVRYf6Ew==

"@esbuild/sunos-x64@0.17.16":
  version "0.17.16"
  resolved "https://registry.yarnpkg.com/@esbuild/sunos-x64/-/sunos-x64-0.17.16.tgz#16338ecab854cb2d831cc9ee9cc21ef69566e1f3"
  integrity sha512-jlRjsuvG1fgGwnE8Afs7xYDnGz0dBgTNZfgCK6TlvPH3Z13/P5pi6I57vyLE8qZYLrGVtwcm9UbUx1/mZ8Ukag==

"@esbuild/win32-arm64@0.17.16":
  version "0.17.16"
  resolved "https://registry.yarnpkg.com/@esbuild/win32-arm64/-/win32-arm64-0.17.16.tgz#423f46bb744aff897a5f74435469e1ef4952e343"
  integrity sha512-TzoU2qwVe2boOHl/3KNBUv2PNUc38U0TNnzqOAcgPiD/EZxT2s736xfC2dYQbszAwo4MKzzwBV0iHjhfjxMimg==

"@esbuild/win32-ia32@0.17.16":
  version "0.17.16"
  resolved "https://registry.yarnpkg.com/@esbuild/win32-ia32/-/win32-ia32-0.17.16.tgz#1978be5b192c7063bd2c8d5960eb213e1964740e"
  integrity sha512-B8b7W+oo2yb/3xmwk9Vc99hC9bNolvqjaTZYEfMQhzdpBsjTvZBlXQ/teUE55Ww6sg//wlcDjOaqldOKyigWdA==

"@esbuild/win32-x64@0.17.16":
  version "0.17.16"
  resolved "https://registry.yarnpkg.com/@esbuild/win32-x64/-/win32-x64-0.17.16.tgz#260f19b0a3300d22c3a3f52722c671dc561edaa3"
  integrity sha512-xJ7OH/nanouJO9pf03YsL9NAFQBHd8AqfrQd7Pf5laGyyTt/gToul6QYOA/i5i/q8y9iaM5DQFNTgpi995VkOg==

"@hotwired/stimulus@^3.0.1":
  version "3.1.0"
  resolved "https://registry.yarnpkg.com/@hotwired/stimulus/-/stimulus-3.1.0.tgz#20215251e5afe6e0a3787285181ba1bfc9097df0"
  integrity sha512-iDMHUhiEJ1xFeicyHcZQQgBzhtk5mPR0QZO3L6wtqzMsJEk2TKECuCQTGKjm+KJTHVY0dKq1dOOAWvODjpd2Mg==

"@hotwired/turbo-rails@^7.0.1":
  version "7.3.0"
  resolved "https://registry.yarnpkg.com/@hotwired/turbo-rails/-/turbo-rails-7.3.0.tgz#422c21752509f3edcd6c7b2725bbe9e157815f51"
  integrity sha512-fvhO64vp/a2UVQ3jue9WTc2JisMv9XilIC7ViZmXAREVwiQ2S4UC7Go8f9A1j4Xu7DBI6SbFdqILk5ImqVoqyA==
  dependencies:
    "@hotwired/turbo" "^7.3.0"
    "@rails/actioncable" "^7.0"

"@hotwired/turbo@^7.3.0":
  version "7.3.0"
  resolved "https://registry.yarnpkg.com/@hotwired/turbo/-/turbo-7.3.0.tgz#2226000fff1aabda9fd9587474565c9929dbf15d"
  integrity sha512-Dcu+NaSvHLT7EjrDrkEmH4qET2ZJZ5IcCWmNXxNQTBwlnE5tBZfN6WxZ842n5cHV52DH/AKNirbPBtcEXDLW4g==

"@jridgewell/gen-mapping@^0.3.2":
  version "0.3.2"
  resolved "https://registry.yarnpkg.com/@jridgewell/gen-mapping/-/gen-mapping-0.3.2.tgz#c1aedc61e853f2bb9f5dfe6d4442d3b565b253b9"
  integrity sha512-mh65xKQAzI6iBcFzwv28KVWSmCkdRBWoOh+bYQGW3+6OZvbbN3TqMGo5hqYxQniRcH9F2VZIoJCm4pa3BPDK/A==
  dependencies:
    "@jridgewell/set-array" "^1.0.1"
    "@jridgewell/sourcemap-codec" "^1.4.10"
    "@jridgewell/trace-mapping" "^0.3.9"

"@jridgewell/resolve-uri@3.1.0":
  version "3.1.0"
  resolved "https://registry.yarnpkg.com/@jridgewell/resolve-uri/-/resolve-uri-3.1.0.tgz#2203b118c157721addfe69d47b70465463066d78"
  integrity sha512-F2msla3tad+Mfht5cJq7LSXcdudKTWCVYUgw6pLFOOHSTtZlj6SWNYAp+AhuqLmWdBO2X5hPrLcu8cVP8fy28w==

"@jridgewell/set-array@^1.0.1":
  version "1.1.2"
  resolved "https://registry.yarnpkg.com/@jridgewell/set-array/-/set-array-1.1.2.tgz#7c6cf998d6d20b914c0a55a91ae928ff25965e72"
  integrity sha512-xnkseuNADM0gt2bs+BvhO0p78Mk762YnZdsuzFV018NoG1Sj1SCQvpSqa7XUaTam5vAGasABV9qXASMKnFMwMw==

"@jridgewell/sourcemap-codec@1.4.14", "@jridgewell/sourcemap-codec@^1.4.10":
  version "1.4.14"
  resolved "https://registry.yarnpkg.com/@jridgewell/sourcemap-codec/-/sourcemap-codec-1.4.14.tgz#add4c98d341472a289190b424efbdb096991bb24"
  integrity sha512-XPSJHWmi394fuUuzDnGz1wiKqWfo1yXecHQMRf2l6hztTO+nPru658AyDngaBe7isIxEkRsPR3FZh+s7iVa4Uw==

"@jridgewell/trace-mapping@^0.3.9":
  version "0.3.17"
  resolved "https://registry.yarnpkg.com/@jridgewell/trace-mapping/-/trace-mapping-0.3.17.tgz#793041277af9073b0951a7fe0f0d8c4c98c36985"
  integrity sha512-MCNzAp77qzKca9+W/+I0+sEpaUnZoeasnghNeVc41VZCEKaCH73Vq3BZZ/SzWIgrqE4H4ceI+p+b6C0mHf9T4g==
  dependencies:
    "@jridgewell/resolve-uri" "3.1.0"
    "@jridgewell/sourcemap-codec" "1.4.14"

"@popperjs/core@^2.11.7":
  version "2.11.7"
  resolved "https://registry.yarnpkg.com/@popperjs/core/-/core-2.11.7.tgz#ccab5c8f7dc557a52ca3288c10075c9ccd37fff7"
  integrity sha512-Cr4OjIkipTtcXKjAsm8agyleBuDHvxzeBoa1v543lbv1YaIwQjESsVcmjiWiPEbC1FIeHOG/Op9kdCmAmiS3Kw==

"@rails/actioncable@^7.0", "@rails/actioncable@^7.0.2-2":
  version "7.0.4"
  resolved "https://registry.yarnpkg.com/@rails/actioncable/-/actioncable-7.0.4.tgz#70a3ca56809f7aaabb80af2f9c01ae51e1a8ed41"
  integrity sha512-tz4oM+Zn9CYsvtyicsa/AwzKZKL+ITHWkhiu7x+xF77clh2b4Rm+s6xnOgY/sGDWoFWZmtKsE95hxBPkgQQNnQ==

"@rails/activestorage@^6.0.5":
  version "6.1.7"
  resolved "https://registry.yarnpkg.com/@rails/activestorage/-/activestorage-6.1.7.tgz#5aaae9f4d10800fdb4fd6fe26fd8b4218579c6e3"
  integrity sha512-h++k8LBLns4O8AqzdaFp1TsCLP9VSc2hgWI37bjzJ+4D995X7Rd8kdkRmXRaNAUlHDJgy6RpnbhBJ5oiIgWTDw==
  dependencies:
    spark-md5 "^3.0.0"

"@rails/request.js@^0.0.8":
  version "0.0.8"
  resolved "https://registry.yarnpkg.com/@rails/request.js/-/request.js-0.0.8.tgz#5e2e8da15013b1af7f04d759e4e9d1cff981865c"
  integrity sha512-ysHYZDl+XjBwFVXz7EI7XW+ZWiTFY8t7TrC/ahpAPt0p7NE4DZxm1nJQY9gmF4PBf+4pAYa+D/rLIGmrn1ZMvg==

"@rails/ujs@^7.0.4-3":
  version "7.0.4-3"
  resolved "https://registry.yarnpkg.com/@rails/ujs/-/ujs-7.0.4-3.tgz#a90a31189db702ac7a9e95b18c09503025fb4951"
  integrity sha512-JttmF98C1xTVcCSWSDwbqF0IPrCKD6lpeB9uy4VjGYniZIidgSq0fSX1vmHxCH7CuSmsIFMNJ6LtLyCAb8Y6Ng==

"@sentry-internal/tracing@7.46.0":
  version "7.46.0"
  resolved "https://registry.yarnpkg.com/@sentry-internal/tracing/-/tracing-7.46.0.tgz#26febabe21a2c2cab45a3de75809d88753ec07eb"
  integrity sha512-KYoppa7PPL8Er7bdPoxTNUfIY804JL7hhOEomQHYD22rLynwQ4AaLm3YEY75QWwcGb0B7ZDMV+tSumW7Rxuwuw==
  dependencies:
    "@sentry/core" "7.46.0"
    "@sentry/types" "7.46.0"
    "@sentry/utils" "7.46.0"
    tslib "^1.9.3"

"@sentry/browser@^7.46.0":
  version "7.46.0"
  resolved "https://registry.yarnpkg.com/@sentry/browser/-/browser-7.46.0.tgz#27b291ddd3c61cc1073cbbb5c48c450b438ed83c"
  integrity sha512-4rX9hKPjxzfH5LhZzO5DlS5NXQ8qZg2ibepaqEgcDHrpYh5813mjjnE4OQA8wiZ6WuG3xKFgHBrGeliD5jXz9w==
  dependencies:
    "@sentry-internal/tracing" "7.46.0"
    "@sentry/core" "7.46.0"
    "@sentry/replay" "7.46.0"
    "@sentry/types" "7.46.0"
    "@sentry/utils" "7.46.0"
    tslib "^1.9.3"

"@sentry/core@7.46.0":
  version "7.46.0"
  resolved "https://registry.yarnpkg.com/@sentry/core/-/core-7.46.0.tgz#f377e556d8679f29bde1cce15b1682b6c689d6b7"
  integrity sha512-BnNHGh/ZTztqQedFko7vb2u6yLs/kWesOQNivav32ZbsEpVCjcmG1gOJXh2YmGIvj3jXOC9a4xfIuh+lYFcA6A==
  dependencies:
    "@sentry/types" "7.46.0"
    "@sentry/utils" "7.46.0"
    tslib "^1.9.3"

"@sentry/replay@7.46.0":
  version "7.46.0"
  resolved "https://registry.yarnpkg.com/@sentry/replay/-/replay-7.46.0.tgz#c5e595d0c2d8d4db2c95d68f518510c42eb122a3"
  integrity sha512-rHsAFdeEu47JRy6mEwwN+M+zTTWlOFWw9sR/eDCvik2lxAXBN2mXvf/N/MN9zQB3+QnS13ke+SvwVW7CshLOXg==
  dependencies:
    "@sentry/core" "7.46.0"
    "@sentry/types" "7.46.0"
    "@sentry/utils" "7.46.0"

"@sentry/types@7.46.0":
  version "7.46.0"
  resolved "https://registry.yarnpkg.com/@sentry/types/-/types-7.46.0.tgz#8573ba8676342c594fcfefff4552123278cfec51"
  integrity sha512-2FMEMgt2h6u7AoELhNhu9L54GAh67KKfK2pJ1kEXJHmWxM9FSCkizjLs/t+49xtY7jEXr8qYq8bV967VfDPQ9g==

"@sentry/utils@7.46.0":
  version "7.46.0"
  resolved "https://registry.yarnpkg.com/@sentry/utils/-/utils-7.46.0.tgz#7a713724db3d1c8bc0aef6d19a7fe2c76db0bdf2"
  integrity sha512-elRezDAF84guMG0OVIIZEWm6wUpgbda4HGks98CFnPsrnMm3N1bdBI9XdlxYLtf+ir5KsGR5YlEIf/a0kRUwAQ==
  dependencies:
    "@sentry/types" "7.46.0"
    tslib "^1.9.3"

"@swc/helpers@^0.2.13":
  version "0.2.14"
  resolved "https://registry.yarnpkg.com/@swc/helpers/-/helpers-0.2.14.tgz#20288c3627442339dd3d743c944f7043ee3590f0"
  integrity sha512-wpCQMhf5p5GhNg2MmGKXzUNwxe7zRiCsmqYsamez2beP7mKPCSiu+BjZcdN95yYSzO857kr0VfQewmGpS77nqA==

ansi-styles@^3.2.1:
  version "3.2.1"
  resolved "https://registry.yarnpkg.com/ansi-styles/-/ansi-styles-3.2.1.tgz#41fbb20243e50b12be0f04b8dedbf07520ce841d"
  integrity sha512-VT0ZI6kZRdTh8YyJw3SMbYm/u+NqfsAxEpWO0Pf9sq8/e94WxxOpPKx9FR1FlyCtOVDNOQ+8ntlqFxiRc+r5qA==
  dependencies:
    color-convert "^1.9.0"

bootstrap-notify@^3.1.3:
  version "3.1.3"
  resolved "https://registry.yarnpkg.com/bootstrap-notify/-/bootstrap-notify-3.1.3.tgz#7e98b3a696cf452a7b56727f0b3316a90037c10b"
  integrity sha512-cnTactFVG8aHri03+RmuZ5sl9VcA+jTTM/mTdEOQN+R1V9u4YBu8Ca+Pf6NGeVfieGv0Z6CxK8FzlWg59omzyg==

bootstrap@^5.2.3:
  version "5.2.3"
  resolved "https://registry.yarnpkg.com/bootstrap/-/bootstrap-5.2.3.tgz#54739f4414de121b9785c5da3c87b37ff008322b"
  integrity sha512-cEKPM+fwb3cT8NzQZYEu4HilJ3anCrWqh3CHAok1p9jXqMPsPTBhU25fBckEJHJ/p+tTxTFTsFQGM+gaHpi3QQ==

chalk@^2.0.0:
  version "2.4.2"
  resolved "https://registry.yarnpkg.com/chalk/-/chalk-2.4.2.tgz#cd42541677a54333cf541a49108c1432b44c9424"
  integrity sha512-Mti+f9lpJNcwF4tWV8/OrTTtF1gZi+f8FqlyAdouralcFWFQWF2+NgCHShjkCb+IFBLq9buZwE1xckQU4peSuQ==
  dependencies:
    ansi-styles "^3.2.1"
    escape-string-regexp "^1.0.5"
    supports-color "^5.3.0"

chart.js@>=3.0.2, chart.js@^3.8.0:
  version "3.9.1"
  resolved "https://registry.yarnpkg.com/chart.js/-/chart.js-3.9.1.tgz#3abf2c775169c4c71217a107163ac708515924b8"
  integrity sha512-Ro2JbLmvg83gXF5F4sniaQ+lTbSv18E+TIf2cOeiH1Iqd2PGFOtem+DUufMZsCJwFE7ywPOpfXFBwRTGq7dh6w==

chartjs-adapter-date-fns@>=2.0.0:
  version "2.0.0"
  resolved "https://registry.yarnpkg.com/chartjs-adapter-date-fns/-/chartjs-adapter-date-fns-2.0.0.tgz#5e53b2f660b993698f936f509c86dddf9ed44c6b"
  integrity sha512-rmZINGLe+9IiiEB0kb57vH3UugAtYw33anRiw5kS2Tu87agpetDDoouquycWc9pRsKtQo5j+vLsYHyr8etAvFw==

chartkick@^4.2.0:
  version "4.2.0"
  resolved "https://registry.yarnpkg.com/chartkick/-/chartkick-4.2.0.tgz#106fc5ff7eef5343a9e6977f259a8a8a1ea57bf9"
  integrity sha512-7yYZyxeFhOh/LA7gc1VwDFgc6t4ZM9RrbBjgb4dJoFukk2+94QkK0yulYI2OUH1cjcfrf1qmj04FkjZx7kZDeg==
  optionalDependencies:
    chart.js ">=3.0.2"
    chartjs-adapter-date-fns ">=2.0.0"
    date-fns ">=2.0.0"

coffeescript@1.12.7:
  version "1.12.7"
  resolved "https://registry.yarnpkg.com/coffeescript/-/coffeescript-1.12.7.tgz#e57ee4c4867cf7f606bfc4a0f2d550c0981ddd27"
  integrity sha512-pLXHFxQMPklVoEekowk8b3erNynC+DVJzChxS/LCBBgR6/8AJkHivkm//zbowcfc7BTCAjryuhx6gPqPRfsFoA==

color-convert@^1.9.0:
  version "1.9.3"
  resolved "https://registry.yarnpkg.com/color-convert/-/color-convert-1.9.3.tgz#bb71850690e1f136567de629d2d5471deda4c1e8"
  integrity sha512-QfAUtd+vFdAtFQcC8CCyYt1fYWxSqAiK2cSD6zDB8N3cpsEBAvRxp9zOGg6G/SHHJYAT88/az/IuDGALsNVbGg==
  dependencies:
    color-name "1.1.3"

color-name@1.1.3:
  version "1.1.3"
  resolved "https://registry.yarnpkg.com/color-name/-/color-name-1.1.3.tgz#a7d0558bd89c42f795dd42328f740831ca53bc25"
  integrity sha512-72fSenhMw2HZMTVHeCA9KCmpEIbzWiQsjN+BHcBbS9vr1mtt+vJjPdksIBNUmKAW8TFUDPJK5SUU3QhE9NEXDw==

datatables.net-bs5@^1.13.4:
  version "1.13.4"
  resolved "https://registry.yarnpkg.com/datatables.net-bs5/-/datatables.net-bs5-1.13.4.tgz#c73058782484cb84d9bc3ae9b8c0f1950b78bf2b"
  integrity sha512-+gtaiau4vJeuGvnsYWmQy9gqa5XQ15XmkdwpK5EjwYCMzZZEXMQ3wfu2FddBcX5tX9Ual8C+Tf1s2gmqLGNbKQ==
  dependencies:
    datatables.net ">=1.12.1"
    jquery ">=1.7"

datatables.net@>=1.12.1:
  version "1.13.4"
  resolved "https://registry.yarnpkg.com/datatables.net/-/datatables.net-1.13.4.tgz#9a809cee82eca0a884e10b4d47a3a3d6e65e9fe7"
  integrity sha512-yzhArTOB6tPO2QFKm1z3hA4vabtt2hRvgw8XLsT1xqEirinfGYqWDiWXlkTPTaJv2e7gG+Kf985sXkzBFlGrGQ==
  dependencies:
    jquery ">=1.7"

date-fns@>=2.0.0:
  version "2.29.3"
  resolved "https://registry.yarnpkg.com/date-fns/-/date-fns-2.29.3.tgz#27402d2fc67eb442b511b70bbdf98e6411cd68a8"
  integrity sha512-dDCnyH2WnnKusqvZZ6+jA1O51Ibt8ZMRNkDZdyAyK4YfbDwa/cEmuztzG5pk6hqlp9aSBPYcjOlktquahGwGeA==

debug@^4.1.0:
  version "4.3.4"
  resolved "https://registry.yarnpkg.com/debug/-/debug-4.3.4.tgz#1319f6579357f2338d3337d2cdd4914bb5dcc865"
  integrity sha512-PRWFHuSU3eDtQJPvnNY7Jcket1j0t5OuOsFzPPzsekD52Zl8qUfFIPEiswXqIvHWGVHOgX+7G/vCNNhehwxfkQ==
  dependencies:
    ms "2.1.2"

desandro-matches-selector@^2.0.0:
  version "2.0.2"
  resolved "https://registry.yarnpkg.com/desandro-matches-selector/-/desandro-matches-selector-2.0.2.tgz#717beed4dc13e7d8f3762f707a6d58a6774218e1"
  integrity sha512-+1q0nXhdzg1IpIJdMKalUwvvskeKnYyEe3shPRwedNcWtnhEKT3ZxvFjzywHDeGcKViIxTCAoOYQWP1qD7VNyg==

dropzone@^6.0.0-beta.2:
  version "6.0.0-beta.2"
  resolved "https://registry.yarnpkg.com/dropzone/-/dropzone-6.0.0-beta.2.tgz#098be8fa84bdc08674cf0b74f4c889e2679083d6"
  integrity sha512-k44yLuFFhRk53M8zP71FaaNzJYIzr99SKmpbO/oZKNslDjNXQsBTdfLs+iONd0U0L94zzlFzRnFdqbLcs7h9fQ==
  dependencies:
    "@swc/helpers" "^0.2.13"
    just-extend "^5.0.0"

esbuild@^0.17.16:
  version "0.17.16"
  resolved "https://registry.yarnpkg.com/esbuild/-/esbuild-0.17.16.tgz#5efec24a8ff29e0c157359f27e1b5532a728b720"
  integrity sha512-aeSuUKr9aFVY9Dc8ETVELGgkj4urg5isYx8pLf4wlGgB0vTFjxJQdHnNH6Shmx4vYYrOTLCHtRI5i1XZ9l2Zcg==
  optionalDependencies:
    "@esbuild/android-arm" "0.17.16"
    "@esbuild/android-arm64" "0.17.16"
    "@esbuild/android-x64" "0.17.16"
    "@esbuild/darwin-arm64" "0.17.16"
    "@esbuild/darwin-x64" "0.17.16"
    "@esbuild/freebsd-arm64" "0.17.16"
    "@esbuild/freebsd-x64" "0.17.16"
    "@esbuild/linux-arm" "0.17.16"
    "@esbuild/linux-arm64" "0.17.16"
    "@esbuild/linux-ia32" "0.17.16"
    "@esbuild/linux-loong64" "0.17.16"
    "@esbuild/linux-mips64el" "0.17.16"
    "@esbuild/linux-ppc64" "0.17.16"
    "@esbuild/linux-riscv64" "0.17.16"
    "@esbuild/linux-s390x" "0.17.16"
    "@esbuild/linux-x64" "0.17.16"
    "@esbuild/netbsd-x64" "0.17.16"
    "@esbuild/openbsd-x64" "0.17.16"
    "@esbuild/sunos-x64" "0.17.16"
    "@esbuild/win32-arm64" "0.17.16"
    "@esbuild/win32-ia32" "0.17.16"
    "@esbuild/win32-x64" "0.17.16"

escape-string-regexp@^1.0.5:
  version "1.0.5"
  resolved "https://registry.yarnpkg.com/escape-string-regexp/-/escape-string-regexp-1.0.5.tgz#1b61c0562190a8dff6ae3bb2cf0200ca130b86d4"
  integrity sha512-vbRorB5FUQWvla16U8R/qgaFIya2qGzwDrNmCZuYKrbdSUMG6I1ZCGQRefkRVhuOkIGVne7BQ35DSfo1qvJqFg==

ev-emitter@^1.0.0:
  version "1.1.1"
  resolved "https://registry.yarnpkg.com/ev-emitter/-/ev-emitter-1.1.1.tgz#8f18b0ce5c76a5d18017f71c0a795c65b9138f2a"
  integrity sha512-ipiDYhdQSCZ4hSbX4rMW+XzNKMD1prg/sTvoVmSLkuQ1MVlwjJQQA+sW8tMYR3BLUr9KjodFV4pvzunvRhd33Q==

fizzy-ui-utils@^2.0.0:
  version "2.0.7"
  resolved "https://registry.yarnpkg.com/fizzy-ui-utils/-/fizzy-ui-utils-2.0.7.tgz#7df45dcc4eb374a08b65d39bb9a4beedf7330505"
  integrity sha512-CZXDVXQ1If3/r8s0T+v+qVeMshhfcuq0rqIFgJnrtd+Bu8GmDmqMjntjUePypVtjHXKJ6V4sw9zeyox34n9aCg==
  dependencies:
    desandro-matches-selector "^2.0.0"

get-size@^2.0.2:
  version "2.0.3"
  resolved "https://registry.yarnpkg.com/get-size/-/get-size-2.0.3.tgz#54a1d0256b20ea7ac646516756202769941ad2ef"
  integrity sha512-lXNzT/h/dTjTxRbm9BXb+SGxxzkm97h/PCIKtlN/CBCxxmkkIVV21udumMS93MuVTDX583gqc94v3RjuHmI+2Q==

globals@^11.1.0:
  version "11.12.0"
  resolved "https://registry.yarnpkg.com/globals/-/globals-11.12.0.tgz#ab8795338868a0babd8525758018c2a7eb95c42e"
  integrity sha512-WOBp/EEGUiIsJSp7wcv/y6MO+lV9UoncWqxuFfm8eBwzWNgyfBd6Gz+IeKQ9jCmyhoH99g15M3T+QaVHFjizVA==

has-flag@^3.0.0:
  version "3.0.0"
  resolved "https://registry.yarnpkg.com/has-flag/-/has-flag-3.0.0.tgz#b5d454dc2199ae225699f3467e5a07f3b955bafd"
  integrity sha512-sKJf1+ceQBr4SMkvQnBDNDtf4TXpVhVGateu0t918bl30FnbE2m4vNLX+VWe/dpjlb+HugGYzW7uQXH98HPEYw==

hotkeys-js@>=3:
  version "3.10.1"
  resolved "https://registry.yarnpkg.com/hotkeys-js/-/hotkeys-js-3.10.1.tgz#0c67e72298f235c9200e421ab112d156dc81356a"
  integrity sha512-mshqjgTqx8ee0qryHvRgZaZDxTwxam/2yTQmQlqAWS3+twnq1jsY9Yng9zB7lWq6WRrjTbTOc7knNwccXQiAjQ==

inputmask@^5.0.8:
  version "5.0.8"
  resolved "https://registry.yarnpkg.com/inputmask/-/inputmask-5.0.8.tgz#cd0f70b058c3291a0d4f27de25dbfc179c998bb4"
  integrity sha512-1WcbyudPTXP1B28ozWWyFa6QRIUG4KiLoyR6LFHlpT4OfTzRqFfWgHFadNvRuMN1S9XNVz9CdNvCGjJi+uAMqQ==

jquery@>=1.7, jquery@^3.6.4:
  version "3.6.4"
  resolved "https://registry.yarnpkg.com/jquery/-/jquery-3.6.4.tgz#ba065c188142100be4833699852bf7c24dc0252f"
  integrity sha512-v28EW9DWDFpzcD9O5iyJXg3R3+q+mET5JhnjJzQUZMHOv67bpSIHq81GEYpPNZHG+XXHsfSme3nxp/hndKEcsQ==

js-tokens@^4.0.0:
  version "4.0.0"
  resolved "https://registry.yarnpkg.com/js-tokens/-/js-tokens-4.0.0.tgz#19203fb59991df98e3a287050d4647cdeaf32499"
  integrity sha512-RdJUflcE3cUzKiMqQgsCu06FPu9UdIJO0beYbPhHN4k6apgJtifcoCtT9bcxOpYBtpD2kCM6Sbzg4CausW/PKQ==

jsesc@^2.5.1:
  version "2.5.2"
  resolved "https://registry.yarnpkg.com/jsesc/-/jsesc-2.5.2.tgz#80564d2e483dacf6e8ef209650a67df3f0c283a4"
  integrity sha512-OYu7XEzjkCQ3C5Ps3QIZsQfNpqoJyZZA99wd9aWd05NCtC5pWOkShK2mkL6HXQR6/Cy2lbNdPlZBpuQHXE63gA==

just-extend@^5.0.0:
  version "5.1.1"
  resolved "https://registry.yarnpkg.com/just-extend/-/just-extend-5.1.1.tgz#4f33b1fc719964f816df55acc905776694b713ab"
  integrity sha512-b+z6yF1d4EOyDgylzQo5IminlUmzSeqR1hs/bzjBNjuGras4FXq/6TrzjxfN0j+TmI0ltJzTNlqXUMCniciwKQ==

lodash@^4.17.21:
  version "4.17.21"
  resolved "https://registry.yarnpkg.com/lodash/-/lodash-4.17.21.tgz#679591c564c3bffaae8454cf0b3df370c3d6911c"
  integrity sha512-v2kDEe57lecTulaDIuNTPy3Ry4gLGJ6Z1O3vE1krgXZNrsQ+LFTGHVxVjcXPs17LhbZVGedAJv8XZ1tvj5FvSg==

masonry-layout@^4.2.2:
  version "4.2.2"
  resolved "https://registry.yarnpkg.com/masonry-layout/-/masonry-layout-4.2.2.tgz#d57b44af13e601bfcdc423f1dd8348b5524de348"
  integrity sha512-iGtAlrpHNyxaR19CvKC3npnEcAwszXoyJiI8ARV2ePi7fmYhIud25MHK8Zx4P0LCC4d3TNO9+rFa1KoK1OEOaA==
  dependencies:
    get-size "^2.0.2"
    outlayer "^2.1.0"

ms@2.1.2:
  version "2.1.2"
  resolved "https://registry.yarnpkg.com/ms/-/ms-2.1.2.tgz#d09d1f357b443f493382a8eb3ccd183872ae6009"
  integrity sha512-sGkPx+VjMtmA6MX27oA4FBFELFCZZ4S4XqeGOXCv68tT+jb3vk/RyaKWP0PTKyWtmLSM0b+adUTEvbs1PEaH2w==

outlayer@^2.1.0:
  version "2.1.1"
  resolved "https://registry.yarnpkg.com/outlayer/-/outlayer-2.1.1.tgz#29863b6de10ea5dadfffcadfa0d728907387e9a2"
  integrity sha512-+GplXsCQ3VrbGujAeHEzP9SXsBmJxzn/YdDSQZL0xqBmAWBmortu2Y9Gwdp9J0bgDQ8/YNIPMoBM13nTwZfAhw==
  dependencies:
    ev-emitter "^1.0.0"
    fizzy-ui-utils "^2.0.0"
    get-size "^2.0.2"

spark-md5@^3.0.0:
  version "3.0.2"
  resolved "https://registry.yarnpkg.com/spark-md5/-/spark-md5-3.0.2.tgz#7952c4a30784347abcee73268e473b9c0167e3fc"
  integrity sha512-wcFzz9cDfbuqe0FZzfi2or1sgyIrsDwmPwfZC4hiNidPdPINjeUwNfv5kldczoEAcjl9Y1L3SM7Uz2PUEQzxQw==

stimulus-use@^0.51.1:
  version "0.51.1"
  resolved "https://registry.yarnpkg.com/stimulus-use/-/stimulus-use-0.51.1.tgz#55e775eee26d583ee4bdb4427d58979885408ebe"
  integrity sha512-e7yEDHWz1GrDWwTc1y1Nnz62HPjELRAfn5q1JSCpTj1wHCCs4NNRUR14oZ08xxlp/4bjrgApMOKRkMPKA2TmVg==
  dependencies:
    hotkeys-js ">=3"

supports-color@^5.3.0:
  version "5.5.0"
  resolved "https://registry.yarnpkg.com/supports-color/-/supports-color-5.5.0.tgz#e2e69a44ac8772f78a1ec0b35b689df6530efc8f"
  integrity sha512-QjVjwdXIt408MIiAqCX4oUKsgU2EqAGzs2Ppkm4aQYbjm+ZEWEcW4SfFNTr4uMNZma0ey4f5lgLrkB0aX0QMow==
  dependencies:
    has-flag "^3.0.0"

to-fast-properties@^2.0.0:
  version "2.0.0"
  resolved "https://registry.yarnpkg.com/to-fast-properties/-/to-fast-properties-2.0.0.tgz#dc5e698cbd079265bc73e0377681a4e4e83f616e"
  integrity sha512-/OaKK0xYrs3DmxRYqL/yDc+FxFUVYhDlXMhRmv3z915w2HF1tnN1omB354j8VUGO/hbRzyD6Y3sA7v7GS/ceog==

tslib@^1.9.3:
  version "1.14.1"
  resolved "https://registry.yarnpkg.com/tslib/-/tslib-1.14.1.tgz#cf2d38bdc34a134bcaf1091c41f6619e2f672d00"
  integrity sha512-Xni35NKzjgMrwevysHTCArtLDpPvye8zV/0E4EyYn43P7/7qvQwPh9BGkHewbMulVntbigmcT7rdX3BNo9wRJg==

underscore@^1.13.6:
  version "1.13.6"
  resolved "https://registry.yarnpkg.com/underscore/-/underscore-1.13.6.tgz#04786a1f589dc6c09f761fc5f45b89e935136441"
  integrity sha512-+A5Sja4HP1M08MaXya7p5LvjuM7K6q/2EaC0+iovj/wOcMsTzMvDFbasi/oSapiwOlt252IqsKqPjCl7huKS0A==
